PODS:
  - camera (0.0.1):
    - Flutter
  - Flutter (1.0.0)
  - flutter_tts (0.0.1):
    - Flutter
  - google_mlkit_commons (0.2.0):
    - Flutter
    - MLKitVision
  - google_mlkit_face_detection (0.3.0):
    - Flutter
    - google_mlkit_commons
    - GoogleMLKit/FaceDetection (~> 2.6.0)
  - GoogleDataTransport (9.1.4):
    - GoogleUtilities/Environment (~> 7.7)
    - nanopb (< 2.30910.0, >= 2.30908.0)
    - PromisesObjC (< 3.0, >= 1.2)
  - GoogleMLKit/FaceDetection (2.6.0):
    - GoogleMLKit/MLKitCore
    - MLKitFaceDetection (~> 1.5.0)
  - GoogleMLKit/MLKitCore (2.6.0):
    - MLKitCommon (~> 5.0.0)
  - GoogleToolboxForMac/DebugUtils (2.3.2):
    - GoogleToolboxForMac/Defines (= 2.3.2)
  - GoogleToolboxForMac/Defines (2.3.2)
  - GoogleToolboxForMac/Logger (2.3.2):
    - GoogleToolboxForMac/Defines (= 2.3.2)
  - "GoogleToolboxForMac/NSData+zlib (2.3.2)":
    - GoogleToolboxForMac/Defines (= 2.3.2)
  - "GoogleToolboxForMac/NSDictionary+URLArguments (2.3.2)":
    - GoogleToolboxForMac/DebugUtils (= 2.3.2)
    - GoogleToolboxForMac/Defines (= 2.3.2)
    - "GoogleToolboxForMac/NSString+URLArguments (= 2.3.2)"
  - "GoogleToolboxForMac/NSString+URLArguments (2.3.2)"
  - GoogleUtilities/Environment (7.7.0):
    - PromisesObjC (< 3.0, >= 1.2)
  - GoogleUtilities/Logger (7.7.0):
    - GoogleUtilities/Environment
  - GoogleUtilities/UserDefaults (7.7.0):
    - GoogleUtilities/Logger
  - GoogleUtilitiesComponents (1.1.0):
    - GoogleUtilities/Logger
  - GTMSessionFetcher/Core (1.7.2)
  - MLImage (1.0.0-beta2)
  - MLKitCommon (5.0.0):
    - GoogleDataTransport (~> 9.0)
    - GoogleToolboxForMac/Logger (~> 2.1)
    - "GoogleToolboxForMac/NSData+zlib (~> 2.1)"
    - "GoogleToolboxForMac/NSDictionary+URLArguments (~> 2.1)"
    - GoogleUtilities/UserDefaults (~> 7.0)
    - GoogleUtilitiesComponents (~> 1.0)
    - GTMSessionFetcher/Core (~> 1.1)
    - Protobuf (~> 3.12)
  - MLKitFaceDetection (1.5.0):
    - MLKitCommon (~> 5.0)
    - MLKitVision (~> 3.0)
  - MLKitVision (3.0.0):
    - GoogleToolboxForMac/Logger (~> 2.1)
    - "GoogleToolboxForMac/NSData+zlib (~> 2.1)"
    - GTMSessionFetcher/Core (~> 1.1)
    - MLImage (= 1.0.0-beta2)
    - MLKitCommon (~> 5.0)
    - Protobuf (~> 3.12)
  - nanopb (2.30909.0):
    - nanopb/decode (= 2.30909.0)
    - nanopb/encode (= 2.30909.0)
  - nanopb/decode (2.30909.0)
  - nanopb/encode (2.30909.0)
  - path_provider_ios (0.0.1):
    - Flutter
  - PromisesObjC (2.1.0)
  - Protobuf (3.21.0)
  - sensors_plus (0.0.1):
    - Flutter
  - telephony (0.0.1):
    - Flutter
  - tflite_flutter (0.1.0):
    - Flutter
  - tflite_flutter_helper (0.0.1):
    - Flutter
  - volume_controller (0.0.1):
    - Flutter

DEPENDENCIES:
  - camera (from `.symlinks/plugins/camera/ios`)
  - Flutter (from `Flutter`)
  - flutter_tts (from `.symlinks/plugins/flutter_tts/ios`)
  - google_mlkit_commons (from `.symlinks/plugins/google_mlkit_commons/ios`)
  - google_mlkit_face_detection (from `.symlinks/plugins/google_mlkit_face_detection/ios`)
  - path_provider_ios (from `.symlinks/plugins/path_provider_ios/ios`)
  - sensors_plus (from `.symlinks/plugins/sensors_plus/ios`)
  - telephony (from `.symlinks/plugins/telephony/ios`)
  - tflite_flutter (from `.symlinks/plugins/tflite_flutter/ios`)
  - tflite_flutter_helper (from `.symlinks/plugins/tflite_flutter_helper/ios`)
  - volume_controller (from `.symlinks/plugins/volume_controller/ios`)

SPEC REPOS:
  trunk:
    - GoogleDataTransport
    - GoogleMLKit
    - GoogleToolboxForMac
    - GoogleUtilities
    - GoogleUtilitiesComponents
    - GTMSessionFetcher
    - MLImage
    - MLKitCommon
    - MLKitFaceDetection
    - MLKitVision
    - nanopb
    - PromisesObjC
    - Protobuf

EXTERNAL SOURCES:
  camera:
    :path: ".symlinks/plugins/camera/ios"
  Flutter:
    :path: Flutter
  flutter_tts:
    :path: ".symlinks/plugins/flutter_tts/ios"
  google_mlkit_commons:
    :path: ".symlinks/plugins/google_mlkit_commons/ios"
  google_mlkit_face_detection:
    :path: ".symlinks/plugins/google_mlkit_face_detection/ios"
  path_provider_ios:
    :path: ".symlinks/plugins/path_provider_ios/ios"
  sensors_plus:
    :path: ".symlinks/plugins/sensors_plus/ios"
  telephony:
    :path: ".symlinks/plugins/telephony/ios"
  tflite_flutter:
    :path: ".symlinks/plugins/tflite_flutter/ios"
  tflite_flutter_helper:
    :path: ".symlinks/plugins/tflite_flutter_helper/ios"
  volume_controller:
    :path: ".symlinks/plugins/volume_controller/ios"

SPEC CHECKSUMS:
  camera: 9993f92f2c793e87b65e35f3a23c70582afb05b1
  Flutter: 50d75fe2f02b26cc09d224853bb45737f8b3214a
  flutter_tts: 0f492aab6accf87059b72354fcb4ba934304771d
  google_mlkit_commons: e9070f57232c3a3e4bd42fdfa621bb1f4bb3e709
  google_mlkit_face_detection: 37e11922bc916867cf325589261efbe5cb46fd97
  GoogleDataTransport: 5fffe35792f8b96ec8d6775f5eccd83c998d5a3b
  GoogleMLKit: 755661c46990a85e42278015f26400286d98ad95
  GoogleToolboxForMac: 8bef7c7c5cf7291c687cf5354f39f9db6399ad34
  GoogleUtilities: e0913149f6b0625b553d70dae12b49fc62914fd1
  GoogleUtilitiesComponents: 679b2c881db3b615a2777504623df6122dd20afe
  GTMSessionFetcher: 5595ec75acf5be50814f81e9189490412bad82ba
  MLImage: a454f9f8ecfd537783a12f9488f5be1a68820829
  MLKitCommon: 3bc17c6f7d25ce3660f030350b46ae7ec9ebca6e
  MLKitFaceDetection: 617cb847441868a8bfd4b48d751c9b33c1104948
  MLKitVision: e87dc3f2e456a6ab32361ebd985e078dd2746143
  nanopb: b552cce312b6c8484180ef47159bc0f65a1f0431
  path_provider_ios: 14f3d2fd28c4fdb42f44e0f751d12861c43cee02
  PromisesObjC: 99b6f43f9e1044bd87a95a60beff28c2c44ddb72
  Protobuf: a205ef72105f3f024786a06589f1ca54b70265c4
  sensors_plus: 5717760720f7e6acd96fdbd75b7428f5ad755ec2
  telephony: c41768fae9fb5495781b05a72004106ca33ec777
  tflite_flutter: 9157a660578930a99728974f247369af1c3595d5
  tflite_flutter_helper: 543b46b6bd064b21c92ea6e54bc0b29f1ce74cb5
  volume_controller: 531ddf792994285c9b17f9d8a7e4dcdd29b3eae9

PODFILE CHECKSUM: a564335c9ed3abfb9870146a33d66f8c27c3095e

COCOAPODS: 1.11.3
